
Microsoft Visual Studio Solution File, Format Version 12.00
# Visual Studio Version 16
VisualStudioVersion = 16.0.30114.105
MinimumVisualStudioVersion = 10.0.40219.1
Project("{FAE04EC0-301F-11D3-BF4B-00C04F79EFBC}") = "DelicateResume", "DelicateResume.csproj", "{AB2A0C9A-A917-4944-A69C-F06615C4CD67}"
EndProject
Global
	GlobalSection(SolutionConfigurationPlatforms) = preSolution
		Debug|Any CPU = Debug|Any CPU
		Release|Any CPU = Release|Any CPU
	EndGlobalSection
	GlobalSection(ProjectConfigurationPlatforms) = postSolution
		{AB2A0C9A-A917-4944-A69C-F06615C4CD67}.Debug|Any CPU.ActiveCfg = Debug|Any CPU
		{AB2A0C9A-A917-4944-A69C-F06615C4CD67}.Debug|Any CPU.Build.0 = Debug|Any CPU
		{AB2A0C9A-A917-4944-A69C-F06615C4CD67}.Release|Any CPU.ActiveCfg = Release|Any CPU
		{AB2A0C9A-A917-4944-A69C-F06615C4CD67}.Release|Any CPU.Build.0 = Release|Any CPU
	EndGlobalSection
	GlobalSection(SolutionProperties) = preSolution
		HideSolutionNode = FALSE
	EndGlobalSection
	GlobalSection(ExtensibilityGlobals) = postSolution
		SolutionGuid = {9B0DC6CE-C3B5-48EB-8F7F-03DA13F6466B}
	EndGlobalSection
EndGlobal
